<?xml version="1.0" encoding="utf-8"?>
<Project ToolsVersion="4.0" xmlns="http://schemas.microsoft.com/developer/msbuild/2003">
  <ItemGroup>
    <ClCompile Include="CircleParticleContactGenerator.cpp" />
    <ClCompile Include="Contact.cpp" />
    <ClCompile Include="ForceGeneratorBody.cpp" />
    <ClCompile Include="Friction.cpp" />
    <ClCompile Include="GravityForceGeneratorBody.cpp" />
    <ClCompile Include="Laser.cpp" />
    <ClCompile Include="Matrix3.cpp" />
    <ClCompile Include="Matrix4.cpp" />
    <ClCompile Include="ParticleCable.cpp" />
    <ClCompile Include="ParticleContact.cpp" />
    <ClCompile Include="ParticleContactGenerator.cpp" />
    <ClCompile Include="ParticleContactResolver.cpp" />
    <ClCompile Include="ParticleForceRegistry.cpp" />
    <ClCompile Include="ParticleGravity.cpp" />
    <ClCompile Include="ParticleLink.cpp" />
    <ClCompile Include="ParticleRod.cpp" />
    <ClCompile Include="Particule.cpp" />
    <ClCompile Include="Physics.cpp" />
    <ClCompile Include="PhysicWorld.cpp" />
    <ClCompile Include="Quaternion.cpp" />
    <ClCompile Include="RigidBody.cpp" />
    <ClCompile Include="SpringBungee.cpp" />
    <ClCompile Include="SpringFixed.cpp" />
    <ClCompile Include="SpringFloating.cpp" />
    <ClCompile Include="SpringForceGenerator.cpp" />
    <ClCompile Include="SpringParticles.cpp" />
    <ClCompile Include="Tp2.cpp" />
    <ClCompile Include="Tp2Old.cpp" />
    <ClCompile Include="Vector3D.cpp" />
    <ClCompile Include="RigidForceRegistry.cpp" />
    <ClCompile Include="contacts.cpp" />
  </ItemGroup>
  <ItemGroup>
    <ClInclude Include="CircleParticleContactGenerator.h" />
    <ClInclude Include="Contact.h" />
    <ClInclude Include="ForceGeneratorBody.h" />
    <ClInclude Include="Friction.h" />
    <ClInclude Include="GravityForceGeneratorBody.h" />
    <ClInclude Include="Laser.h" />
    <ClInclude Include="olcConsoleGameEngine.h" />
    <ClInclude Include="Matrix3.h" />
    <ClInclude Include="Matrix4.h" />
    <ClInclude Include="ParticleCable.h" />
    <ClInclude Include="ParticleContact.h" />
    <ClInclude Include="ParticleContactGenerator.h" />
    <ClInclude Include="ParticleContactResolver.h" />
    <ClInclude Include="ParticleForceGenerator.h" />
    <ClInclude Include="ParticleForceRegistry.h" />
    <ClInclude Include="ParticleGravity.h" />
    <ClInclude Include="ParticleLink.h" />
    <ClInclude Include="ParticleRod.h" />
    <ClInclude Include="Particule.h" />
    <ClInclude Include="Physics.h" />
    <ClInclude Include="PhysicWorld.h" />
    <ClInclude Include="Quaternion.h" />
    <ClInclude Include="RigidBody.h" />
    <ClInclude Include="SpringBungee.h" />
    <ClInclude Include="SpringFixed.h" />
    <ClInclude Include="SpringFloating.h" />
    <ClInclude Include="SpringForceGenerator.h" />
    <ClInclude Include="SpringParticles.h" />
    <ClInclude Include="Vector3D.h" />
    <ClInclude Include="RigidForceRegistry.h" />
    <ClInclude Include="Primitive.h" />
    <ClInclude Include="Sphere.h" />
    <ClInclude Include="Plane.h" />
    <ClInclude Include="Box.h" />
    <ClInclude Include="contacts.h" />
    <ClInclude Include="Octree.h" />
  </ItemGroup>
</Project>